
Microsoft Visual Studio Solution File, Format Version 12.00
# Visual Studio Version 17
VisualStudioVersion = 17.8.34525.116
MinimumVisualStudioVersion = 10.0.40219.1
Project("{FAE04EC0-301F-11D3-BF4B-00C04F79EFBC}") = "TypesAndVariables", "TypesAndVariables\TypesAndVariables.csproj", "{B8F5AF8E-A4F7-49B4-B2A4-FEB36BBA5FDB}"
EndProject
Project("{FAE04EC0-301F-11D3-BF4B-00C04F79EFBC}") = "Conditionals", "Conditionals\Conditionals.csproj", "{D45F1088-1899-43F2-ABF4-FC0434F4DCA3}"
EndProject
Project("{FAE04EC0-301F-11D3-BF4B-00C04F79EFBC}") = "Methods", "Methods\Methods.csproj", "{E197AD03-07B9-490C-AA58-AEBB6E7CF5EB}"
EndProject
Project("{FAE04EC0-301F-11D3-BF4B-00C04F79EFBC}") = "Arrays", "Arrays\Arrays.csproj", "{996F9565-D6C7-4600-B800-2CE24D6A5533}"
EndProject
Project("{FAE04EC0-301F-11D3-BF4B-00C04F79EFBC}") = "Loops", "Loops\Loops.csproj", "{65666987-6A27-4CE4-AF4E-40CA2507B4D4}"
EndProject
Project("{FAE04EC0-301F-11D3-BF4B-00C04F79EFBC}") = "Strings", "Strings\Strings.csproj", "{5744AB50-AFC0-4849-932F-3A4D38B50F6B}"
EndProject
Project("{FAE04EC0-301F-11D3-BF4B-00C04F79EFBC}") = "Classes", "Classes\Classes.csproj", "{1E482D69-D6C9-40C7-8769-67164F30E3B9}"
EndProject
Project("{FAE04EC0-301F-11D3-BF4B-00C04F79EFBC}") = "RecapDemo1", "RecapDemo1\RecapDemo1.csproj", "{38355CB1-3AEA-4D1C-A5F3-3445C6136159}"
EndProject
Project("{FAE04EC0-301F-11D3-BF4B-00C04F79EFBC}") = "Interfaces", "Interfaces\Interfaces.csproj", "{F5582E48-E0EA-43B6-AF1D-2BC62A87946C}"
EndProject
Global
	GlobalSection(SolutionConfigurationPlatforms) = preSolution
		Debug|Any CPU = Debug|Any CPU
		Release|Any CPU = Release|Any CPU
	EndGlobalSection
	GlobalSection(ProjectConfigurationPlatforms) = postSolution
		{B8F5AF8E-A4F7-49B4-B2A4-FEB36BBA5FDB}.Debug|Any CPU.ActiveCfg = Debug|Any CPU
		{B8F5AF8E-A4F7-49B4-B2A4-FEB36BBA5FDB}.Debug|Any CPU.Build.0 = Debug|Any CPU
		{B8F5AF8E-A4F7-49B4-B2A4-FEB36BBA5FDB}.Release|Any CPU.ActiveCfg = Release|Any CPU
		{B8F5AF8E-A4F7-49B4-B2A4-FEB36BBA5FDB}.Release|Any CPU.Build.0 = Release|Any CPU
		{D45F1088-1899-43F2-ABF4-FC0434F4DCA3}.Debug|Any CPU.ActiveCfg = Debug|Any CPU
		{D45F1088-1899-43F2-ABF4-FC0434F4DCA3}.Debug|Any CPU.Build.0 = Debug|Any CPU
		{D45F1088-1899-43F2-ABF4-FC0434F4DCA3}.Release|Any CPU.ActiveCfg = Release|Any CPU
		{D45F1088-1899-43F2-ABF4-FC0434F4DCA3}.Release|Any CPU.Build.0 = Release|Any CPU
		{E197AD03-07B9-490C-AA58-AEBB6E7CF5EB}.Debug|Any CPU.ActiveCfg = Debug|Any CPU
		{E197AD03-07B9-490C-AA58-AEBB6E7CF5EB}.Debug|Any CPU.Build.0 = Debug|Any CPU
		{E197AD03-07B9-490C-AA58-AEBB6E7CF5EB}.Release|Any CPU.ActiveCfg = Release|Any CPU
		{E197AD03-07B9-490C-AA58-AEBB6E7CF5EB}.Release|Any CPU.Build.0 = Release|Any CPU
		{996F9565-D6C7-4600-B800-2CE24D6A5533}.Debug|Any CPU.ActiveCfg = Debug|Any CPU
		{996F9565-D6C7-4600-B800-2CE24D6A5533}.Debug|Any CPU.Build.0 = Debug|Any CPU
		{996F9565-D6C7-4600-B800-2CE24D6A5533}.Release|Any CPU.ActiveCfg = Release|Any CPU
		{996F9565-D6C7-4600-B800-2CE24D6A5533}.Release|Any CPU.Build.0 = Release|Any CPU
		{65666987-6A27-4CE4-AF4E-40CA2507B4D4}.Debug|Any CPU.ActiveCfg = Debug|Any CPU
		{65666987-6A27-4CE4-AF4E-40CA2507B4D4}.Debug|Any CPU.Build.0 = Debug|Any CPU
		{65666987-6A27-4CE4-AF4E-40CA2507B4D4}.Release|Any CPU.ActiveCfg = Release|Any CPU
		{65666987-6A27-4CE4-AF4E-40CA2507B4D4}.Release|Any CPU.Build.0 = Release|Any CPU
		{5744AB50-AFC0-4849-932F-3A4D38B50F6B}.Debug|Any CPU.ActiveCfg = Debug|Any CPU
		{5744AB50-AFC0-4849-932F-3A4D38B50F6B}.Debug|Any CPU.Build.0 = Debug|Any CPU
		{5744AB50-AFC0-4849-932F-3A4D38B50F6B}.Release|Any CPU.ActiveCfg = Release|Any CPU
		{5744AB50-AFC0-4849-932F-3A4D38B50F6B}.Release|Any CPU.Build.0 = Release|Any CPU
		{1E482D69-D6C9-40C7-8769-67164F30E3B9}.Debug|Any CPU.ActiveCfg = Debug|Any CPU
		{1E482D69-D6C9-40C7-8769-67164F30E3B9}.Debug|Any CPU.Build.0 = Debug|Any CPU
		{1E482D69-D6C9-40C7-8769-67164F30E3B9}.Release|Any CPU.ActiveCfg = Release|Any CPU
		{1E482D69-D6C9-40C7-8769-67164F30E3B9}.Release|Any CPU.Build.0 = Release|Any CPU
		{38355CB1-3AEA-4D1C-A5F3-3445C6136159}.Debug|Any CPU.ActiveCfg = Debug|Any CPU
		{38355CB1-3AEA-4D1C-A5F3-3445C6136159}.Debug|Any CPU.Build.0 = Debug|Any CPU
		{38355CB1-3AEA-4D1C-A5F3-3445C6136159}.Release|Any CPU.ActiveCfg = Release|Any CPU
		{38355CB1-3AEA-4D1C-A5F3-3445C6136159}.Release|Any CPU.Build.0 = Release|Any CPU
		{F5582E48-E0EA-43B6-AF1D-2BC62A87946C}.Debug|Any CPU.ActiveCfg = Debug|Any CPU
		{F5582E48-E0EA-43B6-AF1D-2BC62A87946C}.Debug|Any CPU.Build.0 = Debug|Any CPU
		{F5582E48-E0EA-43B6-AF1D-2BC62A87946C}.Release|Any CPU.ActiveCfg = Release|Any CPU
		{F5582E48-E0EA-43B6-AF1D-2BC62A87946C}.Release|Any CPU.Build.0 = Release|Any CPU
	EndGlobalSection
	GlobalSection(SolutionProperties) = preSolution
		HideSolutionNode = FALSE
	EndGlobalSection
	GlobalSection(ExtensibilityGlobals) = postSolution
		SolutionGuid = {55B9E3BA-FB28-46A1-885B-E779719AA27B}
	EndGlobalSection
EndGlobal
